
Microsoft Visual Studio Solution File, Format Version 12.00
# Visual Studio Version 16
VisualStudioVersion = 16.0.29728.190
MinimumVisualStudioVersion = 10.0.40219.1
Project("{8BC9CEB8-8B4A-11D0-8D11-00A0C91BC942}") = "Project5", "Project5.vcxproj", "{023064F7-F522-4D05-939A-CB2338F7EA3E}"
EndProject
Global
	GlobalSection(SolutionConfigurationPlatforms) = preSolution
		Debug|x64 = Debug|x64
		Debug|x86 = Debug|x86
		Release|x64 = Release|x64
		Release|x86 = Release|x86
	EndGlobalSection
	GlobalSection(ProjectConfigurationPlatforms) = postSolution
		{023064F7-F522-4D05-939A-CB2338F7EA3E}.Debug|x64.ActiveCfg = Debug|x64
		{023064F7-F522-4D05-939A-CB2338F7EA3E}.Debug|x64.Build.0 = Debug|x64
		{023064F7-F522-4D05-939A-CB2338F7EA3E}.Debug|x86.ActiveCfg = Debug|Win32
		{023064F7-F522-4D05-939A-CB2338F7EA3E}.Debug|x86.Build.0 = Debug|Win32
		{023064F7-F522-4D05-939A-CB2338F7EA3E}.Release|x64.ActiveCfg = Release|x64
		{023064F7-F522-4D05-939A-CB2338F7EA3E}.Release|x64.Build.0 = Release|x64
		{023064F7-F522-4D05-939A-CB2338F7EA3E}.Release|x86.ActiveCfg = Release|Win32
		{023064F7-F522-4D05-939A-CB2338F7EA3E}.Release|x86.Build.0 = Release|Win32
	EndGlobalSection
	GlobalSection(SolutionProperties) = preSolution
		HideSolutionNode = FALSE
	EndGlobalSection
	GlobalSection(ExtensibilityGlobals) = postSolution
		SolutionGuid = {DBA2DD99-069D-4181-89B6-6E958DDCC561}
	EndGlobalSection
EndGlobal
